
Microsoft Visual Studio Solution File, Format Version 12.00
# Visual Studio Version 16
VisualStudioVersion = 16.0.29924.181
MinimumVisualStudioVersion = 10.0.40219.1
Project("{FAE04EC0-301F-11D3-BF4B-00C04F79EFBC}") = "LeetCode", "LeetCode\LeetCode.csproj", "{FC45959A-D8AE-4BD3-9AB3-5973EE531356}"
EndProject
Global
	GlobalSection(SolutionConfigurationPlatforms) = preSolution
		Debug|Any CPU = Debug|Any CPU
		Release|Any CPU = Release|Any CPU
	EndGlobalSection
	GlobalSection(ProjectConfigurationPlatforms) = postSolution
		{FC45959A-D8AE-4BD3-9AB3-5973EE531356}.Debug|Any CPU.ActiveCfg = Debug|Any CPU
		{FC45959A-D8AE-4BD3-9AB3-5973EE531356}.Debug|Any CPU.Build.0 = Debug|Any CPU
		{FC45959A-D8AE-4BD3-9AB3-5973EE531356}.Release|Any CPU.ActiveCfg = Release|Any CPU
		{FC45959A-D8AE-4BD3-9AB3-5973EE531356}.Release|Any CPU.Build.0 = Release|Any CPU
	EndGlobalSection
	GlobalSection(SolutionProperties) = preSolution
		HideSolutionNode = FALSE
	EndGlobalSection
	GlobalSection(ExtensibilityGlobals) = postSolution
		SolutionGuid = {B4001DA8-A079-4C7E-9B1B-32EFCFD62F49}
	EndGlobalSection
EndGlobal
